
Microsoft Visual Studio Solution File, Format Version 12.00
# Visual Studio Version 17
VisualStudioVersion = 17.9.34728.123
MinimumVisualStudioVersion = 10.0.40219.1
Project("{FAE04EC0-301F-11D3-BF4B-00C04F79EFBC}") = "AAAA", "AAAA.csproj", "{04FEAAAA-4310-42CB-AE3D-8CF5EDD9A822}"
EndProject
Global
	GlobalSection(SolutionConfigurationPlatforms) = preSolution
		Debug|Any CPU = Debug|Any CPU
		Release|Any CPU = Release|Any CPU
	EndGlobalSection
	GlobalSection(ProjectConfigurationPlatforms) = postSolution
		{04FEAAAA-4310-42CB-AE3D-8CF5EDD9A822}.Debug|Any CPU.ActiveCfg = Debug|Any CPU
		{04FEAAAA-4310-42CB-AE3D-8CF5EDD9A822}.Debug|Any CPU.Build.0 = Debug|Any CPU
		{04FEAAAA-4310-42CB-AE3D-8CF5EDD9A822}.Release|Any CPU.ActiveCfg = Release|Any CPU
		{04FEAAAA-4310-42CB-AE3D-8CF5EDD9A822}.Release|Any CPU.Build.0 = Release|Any CPU
	EndGlobalSection
	GlobalSection(SolutionProperties) = preSolution
		HideSolutionNode = FALSE
	EndGlobalSection
	GlobalSection(ExtensibilityGlobals) = postSolution
		SolutionGuid = {4A1CA414-A0E1-4F2A-A604-4646ABF36C53}
	EndGlobalSection
EndGlobal
